
Microsoft Visual Studio Solution File, Format Version 12.00
# Visual Studio Version 16
VisualStudioVersion = 16.0.31729.503
MinimumVisualStudioVersion = 10.0.40219.1
Project("{FAE04EC0-301F-11D3-BF4B-00C04F79EFBC}") = "ConsoleApp1", "ConsoleApp1\ConsoleApp1.csproj", "{929A4F01-44DA-4C59-A53C-C6BD5C4A1EC0}"
EndProject
Global
	GlobalSection(SolutionConfigurationPlatforms) = preSolution
		Debug|Any CPU = Debug|Any CPU
		Release|Any CPU = Release|Any CPU
	EndGlobalSection
	GlobalSection(ProjectConfigurationPlatforms) = postSolution
		{929A4F01-44DA-4C59-A53C-C6BD5C4A1EC0}.Debug|Any CPU.ActiveCfg = Debug|Any CPU
		{929A4F01-44DA-4C59-A53C-C6BD5C4A1EC0}.Debug|Any CPU.Build.0 = Debug|Any CPU
		{929A4F01-44DA-4C59-A53C-C6BD5C4A1EC0}.Release|Any CPU.ActiveCfg = Release|Any CPU
		{929A4F01-44DA-4C59-A53C-C6BD5C4A1EC0}.Release|Any CPU.Build.0 = Release|Any CPU
	EndGlobalSection
	GlobalSection(SolutionProperties) = preSolution
		HideSolutionNode = FALSE
	EndGlobalSection
	GlobalSection(ExtensibilityGlobals) = postSolution
		SolutionGuid = {C61D3B16-C31A-4F12-B4B8-5F3DC85CFFFA}
	EndGlobalSection
EndGlobal
